
Microsoft Visual Studio Solution File, Format Version 12.00
# Visual Studio Version 17
VisualStudioVersion = 17.4.33205.214
MinimumVisualStudioVersion = 10.0.40219.1
Project("{FAE04EC0-301F-11D3-BF4B-00C04F79EFBC}") = "Product-Management", "Product-Management\Product-Management.csproj", "{C03B4314-62D8-4008-B045-5BE35D1FBC15}"
EndProject
Global
	GlobalSection(SolutionConfigurationPlatforms) = preSolution
		Debug|Any CPU = Debug|Any CPU
		Release|Any CPU = Release|Any CPU
	EndGlobalSection
	GlobalSection(ProjectConfigurationPlatforms) = postSolution
		{C03B4314-62D8-4008-B045-5BE35D1FBC15}.Debug|Any CPU.ActiveCfg = Debug|Any CPU
		{C03B4314-62D8-4008-B045-5BE35D1FBC15}.Debug|Any CPU.Build.0 = Debug|Any CPU
		{C03B4314-62D8-4008-B045-5BE35D1FBC15}.Release|Any CPU.ActiveCfg = Release|Any CPU
		{C03B4314-62D8-4008-B045-5BE35D1FBC15}.Release|Any CPU.Build.0 = Release|Any CPU
	EndGlobalSection
	GlobalSection(SolutionProperties) = preSolution
		HideSolutionNode = FALSE
	EndGlobalSection
	GlobalSection(ExtensibilityGlobals) = postSolution
		SolutionGuid = {9C82C3DD-78BD-4165-B878-1BC77557F6BC}
	EndGlobalSection
EndGlobal
